<Solution>
  <Project Path="BankApi.Client\BankApi.Client.csproj" Type="Classic C#" />
  <Project Path="BankApi.Core/BankApi.Core.csproj" />
  <Project Path="BankApi.Orchestration/BankApi.Orchestration.csproj" />
  <Project Path="BankApi.Service.Api\BankApi.Service.Api.csproj" />
  <Project Path="BankApi.Tests/BankApi.Tests.csproj" />
</Solution>